
Microsoft Visual Studio Solution File, Format Version 12.00
# Visual Studio Version 17
VisualStudioVersion = 17.5.002.0
MinimumVisualStudioVersion = 10.0.40219.1
Project("{9A19103F-16F7-4668-BE54-9A1E7A4F7556}") = "Tests", "Tests\Tests.csproj", "{B4E37272-CE3B-4BBE-B62C-CBE5C958BD86}"
EndProject
Global
	GlobalSection(SolutionConfigurationPlatforms) = preSolution
		Debug|Any CPU = Debug|Any CPU
		Release|Any CPU = Release|Any CPU
	EndGlobalSection
	GlobalSection(ProjectConfigurationPlatforms) = postSolution
		{B4E37272-CE3B-4BBE-B62C-CBE5C958BD86}.Debug|Any CPU.ActiveCfg = Debug|Any CPU
		{B4E37272-CE3B-4BBE-B62C-CBE5C958BD86}.Debug|Any CPU.Build.0 = Debug|Any CPU
		{B4E37272-CE3B-4BBE-B62C-CBE5C958BD86}.Release|Any CPU.ActiveCfg = Release|Any CPU
		{B4E37272-CE3B-4BBE-B62C-CBE5C958BD86}.Release|Any CPU.Build.0 = Release|Any CPU
	EndGlobalSection
	GlobalSection(SolutionProperties) = preSolution
		HideSolutionNode = FALSE
	EndGlobalSection
	GlobalSection(ExtensibilityGlobals) = postSolution
		SolutionGuid = {62CA1F2D-ED93-441D-876F-14375BDD1F87}
	EndGlobalSection
EndGlobal
