
Microsoft Visual Studio Solution File, Format Version 12.00
# Visual Studio Version 17
VisualStudioVersion = 17.7.34024.191
MinimumVisualStudioVersion = 10.0.40219.1
Project("{9A19103F-16F7-4668-BE54-9A1E7A4F7556}") = "Tests", "Tests\Tests.csproj", "{5D87380F-F70A-4AD3-9503-1F63165463CB}"
EndProject
Project("{9A19103F-16F7-4668-BE54-9A1E7A4F7556}") = "Prawn", "Prawn\Prawn.csproj", "{156E3F8D-A3F9-4B64-ADC7-D4141AE6CC07}"
EndProject
Project("{002A2DE9-8BB6-484D-9802-7E4AD4084715}") = "Kingfisher", "kingfisher\kingfisher.visualdproj", "{3B42C1AE-14BD-43FC-8C9E-2931BE03CBE8}"
EndProject
Project("{2150E333-8FDC-42A3-9474-1A3956D46DE8}") = "Solution Items", "Solution Items", "{A1A4D259-0016-4BE7-88C5-B9DF975C5A8A}"
	ProjectSection(SolutionItems) = preProject
		LICENSE.txt = LICENSE.txt
	EndProjectSection
EndProject
Global
	GlobalSection(SolutionConfigurationPlatforms) = preSolution
		Debug GDC|Any CPU = Debug GDC|Any CPU
		Debug GDC|x64 = Debug GDC|x64
		Debug GDC|x86 = Debug GDC|x86
		Debug LDC|Any CPU = Debug LDC|Any CPU
		Debug LDC|x64 = Debug LDC|x64
		Debug LDC|x86 = Debug LDC|x86
		Debug|Any CPU = Debug|Any CPU
		Debug|x64 = Debug|x64
		Debug|x86 = Debug|x86
		Release GDC|Any CPU = Release GDC|Any CPU
		Release GDC|x64 = Release GDC|x64
		Release GDC|x86 = Release GDC|x86
		Release LDC|Any CPU = Release LDC|Any CPU
		Release LDC|x64 = Release LDC|x64
		Release LDC|x86 = Release LDC|x86
		Release|Any CPU = Release|Any CPU
		Release|x64 = Release|x64
		Release|x86 = Release|x86
	EndGlobalSection
	GlobalSection(ProjectConfigurationPlatforms) = postSolution
		{5D87380F-F70A-4AD3-9503-1F63165463CB}.Debug GDC|Any CPU.ActiveCfg = Debug|Any CPU
		{5D87380F-F70A-4AD3-9503-1F63165463CB}.Debug GDC|Any CPU.Build.0 = Debug|Any CPU
		{5D87380F-F70A-4AD3-9503-1F63165463CB}.Debug GDC|x64.ActiveCfg = Debug|Any CPU
		{5D87380F-F70A-4AD3-9503-1F63165463CB}.Debug GDC|x64.Build.0 = Debug|Any CPU
		{5D87380F-F70A-4AD3-9503-1F63165463CB}.Debug GDC|x86.ActiveCfg = Debug|Any CPU
		{5D87380F-F70A-4AD3-9503-1F63165463CB}.Debug GDC|x86.Build.0 = Debug|Any CPU
		{5D87380F-F70A-4AD3-9503-1F63165463CB}.Debug LDC|Any CPU.ActiveCfg = Debug|Any CPU
		{5D87380F-F70A-4AD3-9503-1F63165463CB}.Debug LDC|Any CPU.Build.0 = Debug|Any CPU
		{5D87380F-F70A-4AD3-9503-1F63165463CB}.Debug LDC|x64.ActiveCfg = Debug|Any CPU
		{5D87380F-F70A-4AD3-9503-1F63165463CB}.Debug LDC|x64.Build.0 = Debug|Any CPU
		{5D87380F-F70A-4AD3-9503-1F63165463CB}.Debug LDC|x86.ActiveCfg = Debug|Any CPU
		{5D87380F-F70A-4AD3-9503-1F63165463CB}.Debug LDC|x86.Build.0 = Debug|Any CPU
		{5D87380F-F70A-4AD3-9503-1F63165463CB}.Debug|Any CPU.ActiveCfg = Debug|Any CPU
		{5D87380F-F70A-4AD3-9503-1F63165463CB}.Debug|Any CPU.Build.0 = Debug|Any CPU
		{5D87380F-F70A-4AD3-9503-1F63165463CB}.Debug|x64.ActiveCfg = Debug|Any CPU
		{5D87380F-F70A-4AD3-9503-1F63165463CB}.Debug|x64.Build.0 = Debug|Any CPU
		{5D87380F-F70A-4AD3-9503-1F63165463CB}.Debug|x86.ActiveCfg = Debug|Any CPU
		{5D87380F-F70A-4AD3-9503-1F63165463CB}.Debug|x86.Build.0 = Debug|Any CPU
		{5D87380F-F70A-4AD3-9503-1F63165463CB}.Release GDC|Any CPU.ActiveCfg = Release|Any CPU
		{5D87380F-F70A-4AD3-9503-1F63165463CB}.Release GDC|Any CPU.Build.0 = Release|Any CPU
		{5D87380F-F70A-4AD3-9503-1F63165463CB}.Release GDC|x64.ActiveCfg = Release|Any CPU
		{5D87380F-F70A-4AD3-9503-1F63165463CB}.Release GDC|x64.Build.0 = Release|Any CPU
		{5D87380F-F70A-4AD3-9503-1F63165463CB}.Release GDC|x86.ActiveCfg = Release|Any CPU
		{5D87380F-F70A-4AD3-9503-1F63165463CB}.Release GDC|x86.Build.0 = Release|Any CPU
		{5D87380F-F70A-4AD3-9503-1F63165463CB}.Release LDC|Any CPU.ActiveCfg = Release|Any CPU
		{5D87380F-F70A-4AD3-9503-1F63165463CB}.Release LDC|Any CPU.Build.0 = Release|Any CPU
		{5D87380F-F70A-4AD3-9503-1F63165463CB}.Release LDC|x64.ActiveCfg = Release|Any CPU
		{5D87380F-F70A-4AD3-9503-1F63165463CB}.Release LDC|x64.Build.0 = Release|Any CPU
		{5D87380F-F70A-4AD3-9503-1F63165463CB}.Release LDC|x86.ActiveCfg = Release|Any CPU
		{5D87380F-F70A-4AD3-9503-1F63165463CB}.Release LDC|x86.Build.0 = Release|Any CPU
		{5D87380F-F70A-4AD3-9503-1F63165463CB}.Release|Any CPU.ActiveCfg = Release|Any CPU
		{5D87380F-F70A-4AD3-9503-1F63165463CB}.Release|Any CPU.Build.0 = Release|Any CPU
		{5D87380F-F70A-4AD3-9503-1F63165463CB}.Release|x64.ActiveCfg = Release|Any CPU
		{5D87380F-F70A-4AD3-9503-1F63165463CB}.Release|x64.Build.0 = Release|Any CPU
		{5D87380F-F70A-4AD3-9503-1F63165463CB}.Release|x86.ActiveCfg = Release|Any CPU
		{5D87380F-F70A-4AD3-9503-1F63165463CB}.Release|x86.Build.0 = Release|Any CPU
		{156E3F8D-A3F9-4B64-ADC7-D4141AE6CC07}.Debug GDC|Any CPU.ActiveCfg = Debug|Any CPU
		{156E3F8D-A3F9-4B64-ADC7-D4141AE6CC07}.Debug GDC|Any CPU.Build.0 = Debug|Any CPU
		{156E3F8D-A3F9-4B64-ADC7-D4141AE6CC07}.Debug GDC|x64.ActiveCfg = Debug|Any CPU
		{156E3F8D-A3F9-4B64-ADC7-D4141AE6CC07}.Debug GDC|x64.Build.0 = Debug|Any CPU
		{156E3F8D-A3F9-4B64-ADC7-D4141AE6CC07}.Debug GDC|x86.ActiveCfg = Debug|Any CPU
		{156E3F8D-A3F9-4B64-ADC7-D4141AE6CC07}.Debug GDC|x86.Build.0 = Debug|Any CPU
		{156E3F8D-A3F9-4B64-ADC7-D4141AE6CC07}.Debug LDC|Any CPU.ActiveCfg = Debug|Any CPU
		{156E3F8D-A3F9-4B64-ADC7-D4141AE6CC07}.Debug LDC|Any CPU.Build.0 = Debug|Any CPU
		{156E3F8D-A3F9-4B64-ADC7-D4141AE6CC07}.Debug LDC|x64.ActiveCfg = Debug|Any CPU
		{156E3F8D-A3F9-4B64-ADC7-D4141AE6CC07}.Debug LDC|x64.Build.0 = Debug|Any CPU
		{156E3F8D-A3F9-4B64-ADC7-D4141AE6CC07}.Debug LDC|x86.ActiveCfg = Debug|Any CPU
		{156E3F8D-A3F9-4B64-ADC7-D4141AE6CC07}.Debug LDC|x86.Build.0 = Debug|Any CPU
		{156E3F8D-A3F9-4B64-ADC7-D4141AE6CC07}.Debug|Any CPU.ActiveCfg = Debug|Any CPU
		{156E3F8D-A3F9-4B64-ADC7-D4141AE6CC07}.Debug|Any CPU.Build.0 = Debug|Any CPU
		{156E3F8D-A3F9-4B64-ADC7-D4141AE6CC07}.Debug|x64.ActiveCfg = Debug|Any CPU
		{156E3F8D-A3F9-4B64-ADC7-D4141AE6CC07}.Debug|x64.Build.0 = Debug|Any CPU
		{156E3F8D-A3F9-4B64-ADC7-D4141AE6CC07}.Debug|x86.ActiveCfg = Debug|Any CPU
		{156E3F8D-A3F9-4B64-ADC7-D4141AE6CC07}.Debug|x86.Build.0 = Debug|Any CPU
		{156E3F8D-A3F9-4B64-ADC7-D4141AE6CC07}.Release GDC|Any CPU.ActiveCfg = Release|Any CPU
		{156E3F8D-A3F9-4B64-ADC7-D4141AE6CC07}.Release GDC|Any CPU.Build.0 = Release|Any CPU
		{156E3F8D-A3F9-4B64-ADC7-D4141AE6CC07}.Release GDC|x64.ActiveCfg = Release|Any CPU
		{156E3F8D-A3F9-4B64-ADC7-D4141AE6CC07}.Release GDC|x64.Build.0 = Release|Any CPU
		{156E3F8D-A3F9-4B64-ADC7-D4141AE6CC07}.Release GDC|x86.ActiveCfg = Release|Any CPU
		{156E3F8D-A3F9-4B64-ADC7-D4141AE6CC07}.Release GDC|x86.Build.0 = Release|Any CPU
		{156E3F8D-A3F9-4B64-ADC7-D4141AE6CC07}.Release LDC|Any CPU.ActiveCfg = Release|Any CPU
		{156E3F8D-A3F9-4B64-ADC7-D4141AE6CC07}.Release LDC|Any CPU.Build.0 = Release|Any CPU
		{156E3F8D-A3F9-4B64-ADC7-D4141AE6CC07}.Release LDC|x64.ActiveCfg = Release|Any CPU
		{156E3F8D-A3F9-4B64-ADC7-D4141AE6CC07}.Release LDC|x64.Build.0 = Release|Any CPU
		{156E3F8D-A3F9-4B64-ADC7-D4141AE6CC07}.Release LDC|x86.ActiveCfg = Release|Any CPU
		{156E3F8D-A3F9-4B64-ADC7-D4141AE6CC07}.Release LDC|x86.Build.0 = Release|Any CPU
		{156E3F8D-A3F9-4B64-ADC7-D4141AE6CC07}.Release|Any CPU.ActiveCfg = Release|Any CPU
		{156E3F8D-A3F9-4B64-ADC7-D4141AE6CC07}.Release|Any CPU.Build.0 = Release|Any CPU
		{156E3F8D-A3F9-4B64-ADC7-D4141AE6CC07}.Release|x64.ActiveCfg = Release|Any CPU
		{156E3F8D-A3F9-4B64-ADC7-D4141AE6CC07}.Release|x64.Build.0 = Release|Any CPU
		{156E3F8D-A3F9-4B64-ADC7-D4141AE6CC07}.Release|x86.ActiveCfg = Release|Any CPU
		{156E3F8D-A3F9-4B64-ADC7-D4141AE6CC07}.Release|x86.Build.0 = Release|Any CPU
		{3B42C1AE-14BD-43FC-8C9E-2931BE03CBE8}.Debug GDC|Any CPU.ActiveCfg = Debug GDC|x64
		{3B42C1AE-14BD-43FC-8C9E-2931BE03CBE8}.Debug GDC|Any CPU.Build.0 = Debug GDC|x64
		{3B42C1AE-14BD-43FC-8C9E-2931BE03CBE8}.Debug GDC|x64.ActiveCfg = Debug GDC|x64
		{3B42C1AE-14BD-43FC-8C9E-2931BE03CBE8}.Debug GDC|x64.Build.0 = Debug GDC|x64
		{3B42C1AE-14BD-43FC-8C9E-2931BE03CBE8}.Debug GDC|x86.ActiveCfg = Debug GDC|Win32
		{3B42C1AE-14BD-43FC-8C9E-2931BE03CBE8}.Debug GDC|x86.Build.0 = Debug GDC|Win32
		{3B42C1AE-14BD-43FC-8C9E-2931BE03CBE8}.Debug LDC|Any CPU.ActiveCfg = Debug LDC|x64
		{3B42C1AE-14BD-43FC-8C9E-2931BE03CBE8}.Debug LDC|Any CPU.Build.0 = Debug LDC|x64
		{3B42C1AE-14BD-43FC-8C9E-2931BE03CBE8}.Debug LDC|x64.ActiveCfg = Debug LDC|x64
		{3B42C1AE-14BD-43FC-8C9E-2931BE03CBE8}.Debug LDC|x64.Build.0 = Debug LDC|x64
		{3B42C1AE-14BD-43FC-8C9E-2931BE03CBE8}.Debug LDC|x86.ActiveCfg = Debug LDC|Win32
		{3B42C1AE-14BD-43FC-8C9E-2931BE03CBE8}.Debug LDC|x86.Build.0 = Debug LDC|Win32
		{3B42C1AE-14BD-43FC-8C9E-2931BE03CBE8}.Debug|Any CPU.ActiveCfg = Debug|x64
		{3B42C1AE-14BD-43FC-8C9E-2931BE03CBE8}.Debug|Any CPU.Build.0 = Debug|x64
		{3B42C1AE-14BD-43FC-8C9E-2931BE03CBE8}.Debug|x64.ActiveCfg = Debug|x64
		{3B42C1AE-14BD-43FC-8C9E-2931BE03CBE8}.Debug|x64.Build.0 = Debug|x64
		{3B42C1AE-14BD-43FC-8C9E-2931BE03CBE8}.Debug|x86.ActiveCfg = Debug|Win32
		{3B42C1AE-14BD-43FC-8C9E-2931BE03CBE8}.Debug|x86.Build.0 = Debug|Win32
		{3B42C1AE-14BD-43FC-8C9E-2931BE03CBE8}.Release GDC|Any CPU.ActiveCfg = Release GDC|x64
		{3B42C1AE-14BD-43FC-8C9E-2931BE03CBE8}.Release GDC|Any CPU.Build.0 = Release GDC|x64
		{3B42C1AE-14BD-43FC-8C9E-2931BE03CBE8}.Release GDC|x64.ActiveCfg = Release GDC|x64
		{3B42C1AE-14BD-43FC-8C9E-2931BE03CBE8}.Release GDC|x64.Build.0 = Release GDC|x64
		{3B42C1AE-14BD-43FC-8C9E-2931BE03CBE8}.Release GDC|x86.ActiveCfg = Release GDC|Win32
		{3B42C1AE-14BD-43FC-8C9E-2931BE03CBE8}.Release GDC|x86.Build.0 = Release GDC|Win32
		{3B42C1AE-14BD-43FC-8C9E-2931BE03CBE8}.Release LDC|Any CPU.ActiveCfg = Release LDC|x64
		{3B42C1AE-14BD-43FC-8C9E-2931BE03CBE8}.Release LDC|Any CPU.Build.0 = Release LDC|x64
		{3B42C1AE-14BD-43FC-8C9E-2931BE03CBE8}.Release LDC|x64.ActiveCfg = Release LDC|x64
		{3B42C1AE-14BD-43FC-8C9E-2931BE03CBE8}.Release LDC|x64.Build.0 = Release LDC|x64
		{3B42C1AE-14BD-43FC-8C9E-2931BE03CBE8}.Release LDC|x86.ActiveCfg = Release LDC|Win32
		{3B42C1AE-14BD-43FC-8C9E-2931BE03CBE8}.Release LDC|x86.Build.0 = Release LDC|Win32
		{3B42C1AE-14BD-43FC-8C9E-2931BE03CBE8}.Release|Any CPU.ActiveCfg = Release|x64
		{3B42C1AE-14BD-43FC-8C9E-2931BE03CBE8}.Release|Any CPU.Build.0 = Release|x64
		{3B42C1AE-14BD-43FC-8C9E-2931BE03CBE8}.Release|x64.ActiveCfg = Release|x64
		{3B42C1AE-14BD-43FC-8C9E-2931BE03CBE8}.Release|x64.Build.0 = Release|x64
		{3B42C1AE-14BD-43FC-8C9E-2931BE03CBE8}.Release|x86.ActiveCfg = Release|Win32
		{3B42C1AE-14BD-43FC-8C9E-2931BE03CBE8}.Release|x86.Build.0 = Release|Win32
	EndGlobalSection
	GlobalSection(SolutionProperties) = preSolution
		HideSolutionNode = FALSE
	EndGlobalSection
	GlobalSection(ExtensibilityGlobals) = postSolution
		SolutionGuid = {CC8837CA-6728-4458-B8FC-18DA9C293BF1}
	EndGlobalSection
EndGlobal
